
Microsoft Visual Studio Solution File, Format Version 12.00
# Visual Studio Version 17
VisualStudioVersion = 17.2.32505.173
MinimumVisualStudioVersion = 10.0.40219.1
Project("{FAE04EC0-301F-11D3-BF4B-00C04F79EFBC}") = "Assignment3", "Assignment3\Assignment3.csproj", "{49BA496C-0544-4F85-8552-2DBA145DAD41}"
EndProject
Global
	GlobalSection(SolutionConfigurationPlatforms) = preSolution
		Debug|Any CPU = Debug|Any CPU
		Release|Any CPU = Release|Any CPU
	EndGlobalSection
	GlobalSection(ProjectConfigurationPlatforms) = postSolution
		{49BA496C-0544-4F85-8552-2DBA145DAD41}.Debug|Any CPU.ActiveCfg = Debug|Any CPU
		{49BA496C-0544-4F85-8552-2DBA145DAD41}.Debug|Any CPU.Build.0 = Debug|Any CPU
		{49BA496C-0544-4F85-8552-2DBA145DAD41}.Release|Any CPU.ActiveCfg = Release|Any CPU
		{49BA496C-0544-4F85-8552-2DBA145DAD41}.Release|Any CPU.Build.0 = Release|Any CPU
	EndGlobalSection
	GlobalSection(SolutionProperties) = preSolution
		HideSolutionNode = FALSE
	EndGlobalSection
	GlobalSection(ExtensibilityGlobals) = postSolution
		SolutionGuid = {F239A95B-CE67-4938-B852-09E78B6B0457}
	EndGlobalSection
EndGlobal
